
Microsoft Visual Studio Solution File, Format Version 12.00
# Visual Studio 2013
VisualStudioVersion = 12.0.31101.0
MinimumVisualStudioVersion = 10.0.40219.1
Project("{FAE04EC0-301F-11D3-BF4B-00C04F79EFBC}") = "PingoConsole", "PingoConsole\PingoConsole.csproj", "{0FD76881-9D95-49B9-8B52-019C877F46DF}"
EndProject
Project("{FAE04EC0-301F-11D3-BF4B-00C04F79EFBC}") = "PingoConsole.Resources", "PingoConsole.Resources\PingoConsole.Resources.csproj", "{017B1F55-1925-4456-8C99-0B86F634BA12}"
EndProject
Project("{FAE04EC0-301F-11D3-BF4B-00C04F79EFBC}") = "Json2Xml", "Json2Xml\Json2Xml.csproj", "{59502D6B-A5B3-47BB-8D7F-D526F370F2F9}"
EndProject
Project("{FAE04EC0-301F-11D3-BF4B-00C04F79EFBC}") = "Json2Xml.Resources", "Json2Xml.Resources\Json2Xml.Resources.csproj", "{89D67B52-E013-48B8-9590-06A4B7D2C3D8}"
EndProject
Project("{FAE04EC0-301F-11D3-BF4B-00C04F79EFBC}") = "Json2Xml.Core", "Json2Xml.Core\Json2Xml.Core.csproj", "{66281FD1-1316-4A69-A864-C93297F6E87D}"
EndProject
Project("{FAE04EC0-301F-11D3-BF4B-00C04F79EFBC}") = "Pingo.CommandLine", "Pingo.CommandLine\Pingo.CommandLine.csproj", "{922B1E1D-4053-4E46-BF15-9A174743EF8C}"
EndProject
Project("{2150E333-8FDC-42A3-9474-1A3956D46DE8}") = "Tests", "Tests", "{745A479D-50F8-4760-A991-F7A7F43C307C}"
EndProject
Project("{FAE04EC0-301F-11D3-BF4B-00C04F79EFBC}") = "Json2Xml.Core.Tests", "Json2Xml.Core.Tests\Json2Xml.Core.Tests.csproj", "{42686C70-9EE4-4D47-B9B2-B8FDAE5A721E}"
EndProject
Project("{FAE04EC0-301F-11D3-BF4B-00C04F79EFBC}") = "Pingo.CommandLine.Tests", "Pingo.CommandLine.Tests\Pingo.CommandLine.Tests.csproj", "{9021030F-1A37-4473-85CD-DEC2629FA39D}"
EndProject
Project("{FAE04EC0-301F-11D3-BF4B-00C04F79EFBC}") = "Pingo.FluentCommandLineParser.Contrib", "Pingo.FluentCommandLineParser.Contrib\Pingo.FluentCommandLineParser.Contrib.csproj", "{2AB6C2A9-C2F9-4DB5-89E0-388489207E7E}"
EndProject
Project("{2150E333-8FDC-42A3-9474-1A3956D46DE8}") = "Commands", "Commands", "{1B5E59A6-B3C7-4D56-B760-7D43FD90F39C}"
EndProject
Project("{FAE04EC0-301F-11D3-BF4B-00C04F79EFBC}") = "Pingo.TestCommands", "Pingo.TestCommands\Pingo.TestCommands.csproj", "{C608AEED-E0B0-40C6-B471-CDE5BC0956A7}"
EndProject
Project("{FAE04EC0-301F-11D3-BF4B-00C04F79EFBC}") = "Pingo.CommandLineHelp", "Pingo.CommandLineHelp\Pingo.CommandLineHelp.csproj", "{3483C7FE-0661-4268-9035-10FF7E36CD64}"
EndProject
Project("{2150E333-8FDC-42A3-9474-1A3956D46DE8}") = "Json2Xml App", "Json2Xml App", "{608FC40F-1C46-4FE7-8189-9340B485908D}"
EndProject
Project("{FAE04EC0-301F-11D3-BF4B-00C04F79EFBC}") = "Pingo.JsonConverters.Commands", "Pingo.JsonConverters.Commands\Pingo.JsonConverters.Commands.csproj", "{538F714A-4CA7-4255-A3C2-9BE6C66CB85C}"
EndProject
Project("{2150E333-8FDC-42A3-9474-1A3956D46DE8}") = "Commands", "Commands", "{BF4B6A2E-611B-4BE2-9CF7-1527863B52D9}"
EndProject
Project("{FAE04EC0-301F-11D3-BF4B-00C04F79EFBC}") = "Pingo.JsonConverters.Commands.UnitTests", "Pingo.JsonConverters.Commands.UnitTests\Pingo.JsonConverters.Commands.UnitTests.csproj", "{39296FCC-AB34-404A-9BB3-E676C126CD71}"
EndProject
Project("{FAE04EC0-301F-11D3-BF4B-00C04F79EFBC}") = "Pingo.CommandLine.Resources", "Pingo.CommandLine.Resources\Pingo.CommandLine.Resources.csproj", "{E542977A-42E7-4241-AA39-34A68FCF22E8}"
EndProject
Project("{2150E333-8FDC-42A3-9474-1A3956D46DE8}") = "Apps", "Apps", "{156FD781-7026-4063-A210-F82939BDA017}"
EndProject
Project("{FAE04EC0-301F-11D3-BF4B-00C04F79EFBC}") = "JsonConvert", "JsonConvert\JsonConvert.csproj", "{C2EBBE18-AF5F-44F2-A8DC-EAEED6C448A6}"
EndProject
Project("{2150E333-8FDC-42A3-9474-1A3956D46DE8}") = ".nuget", ".nuget", "{3D10ECC3-1ABA-417F-B8BD-65D2EB6CD2EC}"
	ProjectSection(SolutionItems) = preProject
		.nuget\NuGet.Config = .nuget\NuGet.Config
		.nuget\NuGet.exe = .nuget\NuGet.exe
		.nuget\NuGet.targets = .nuget\NuGet.targets
	EndProjectSection
EndProject
Project("{2150E333-8FDC-42A3-9474-1A3956D46DE8}") = "VSIX", "VSIX", "{4E4B33E3-4E5C-4AAE-898E-74E58C782EE5}"
EndProject
Project("{FAE04EC0-301F-11D3-BF4B-00C04F79EFBC}") = "Pingo.Command.VSIX", "Pingo.Command.VSIX\Pingo.Command.VSIX.csproj", "{921BA239-3E2C-4A89-B3D3-E92CACC5FF63}"
EndProject
Project("{FAE04EC0-301F-11D3-BF4B-00C04F79EFBC}") = "MyProjectTemplate1", "MyProjectTemplate1\MyProjectTemplate1.csproj", "{833DCA90-E461-4EB2-8A53-F48714626E7C}"
EndProject
Project("{FAE04EC0-301F-11D3-BF4B-00C04F79EFBC}") = "MyProjectTemplate1Wizard", "MyProjectTemplate1Wizard\MyProjectTemplate1Wizard.csproj", "{A4EC3E4B-3364-49DB-903F-F7005CD2C7BF}"
EndProject
Project("{FAE04EC0-301F-11D3-BF4B-00C04F79EFBC}") = "Custom.Command.Wizard", "Custom.Command.Wizard\Custom.Command.Wizard.csproj", "{F1A2BB41-496B-4EC1-BCCA-B28C06EF3B89}"
EndProject
Global
	GlobalSection(SolutionConfigurationPlatforms) = preSolution
		Debug|Any CPU = Debug|Any CPU
		Release|Any CPU = Release|Any CPU
	EndGlobalSection
	GlobalSection(ProjectConfigurationPlatforms) = postSolution
		{0FD76881-9D95-49B9-8B52-019C877F46DF}.Debug|Any CPU.ActiveCfg = Debug|Any CPU
		{0FD76881-9D95-49B9-8B52-019C877F46DF}.Debug|Any CPU.Build.0 = Debug|Any CPU
		{0FD76881-9D95-49B9-8B52-019C877F46DF}.Release|Any CPU.ActiveCfg = Release|Any CPU
		{0FD76881-9D95-49B9-8B52-019C877F46DF}.Release|Any CPU.Build.0 = Release|Any CPU
		{017B1F55-1925-4456-8C99-0B86F634BA12}.Debug|Any CPU.ActiveCfg = Debug|Any CPU
		{017B1F55-1925-4456-8C99-0B86F634BA12}.Debug|Any CPU.Build.0 = Debug|Any CPU
		{017B1F55-1925-4456-8C99-0B86F634BA12}.Release|Any CPU.ActiveCfg = Release|Any CPU
		{017B1F55-1925-4456-8C99-0B86F634BA12}.Release|Any CPU.Build.0 = Release|Any CPU
		{59502D6B-A5B3-47BB-8D7F-D526F370F2F9}.Debug|Any CPU.ActiveCfg = Debug|Any CPU
		{59502D6B-A5B3-47BB-8D7F-D526F370F2F9}.Debug|Any CPU.Build.0 = Debug|Any CPU
		{59502D6B-A5B3-47BB-8D7F-D526F370F2F9}.Release|Any CPU.ActiveCfg = Release|Any CPU
		{59502D6B-A5B3-47BB-8D7F-D526F370F2F9}.Release|Any CPU.Build.0 = Release|Any CPU
		{89D67B52-E013-48B8-9590-06A4B7D2C3D8}.Debug|Any CPU.ActiveCfg = Debug|Any CPU
		{89D67B52-E013-48B8-9590-06A4B7D2C3D8}.Debug|Any CPU.Build.0 = Debug|Any CPU
		{89D67B52-E013-48B8-9590-06A4B7D2C3D8}.Release|Any CPU.ActiveCfg = Release|Any CPU
		{89D67B52-E013-48B8-9590-06A4B7D2C3D8}.Release|Any CPU.Build.0 = Release|Any CPU
		{66281FD1-1316-4A69-A864-C93297F6E87D}.Debug|Any CPU.ActiveCfg = Debug|Any CPU
		{66281FD1-1316-4A69-A864-C93297F6E87D}.Debug|Any CPU.Build.0 = Debug|Any CPU
		{66281FD1-1316-4A69-A864-C93297F6E87D}.Release|Any CPU.ActiveCfg = Release|Any CPU
		{66281FD1-1316-4A69-A864-C93297F6E87D}.Release|Any CPU.Build.0 = Release|Any CPU
		{922B1E1D-4053-4E46-BF15-9A174743EF8C}.Debug|Any CPU.ActiveCfg = Debug|Any CPU
		{922B1E1D-4053-4E46-BF15-9A174743EF8C}.Debug|Any CPU.Build.0 = Debug|Any CPU
		{922B1E1D-4053-4E46-BF15-9A174743EF8C}.Release|Any CPU.ActiveCfg = Release|Any CPU
		{922B1E1D-4053-4E46-BF15-9A174743EF8C}.Release|Any CPU.Build.0 = Release|Any CPU
		{42686C70-9EE4-4D47-B9B2-B8FDAE5A721E}.Debug|Any CPU.ActiveCfg = Debug|Any CPU
		{42686C70-9EE4-4D47-B9B2-B8FDAE5A721E}.Debug|Any CPU.Build.0 = Debug|Any CPU
		{42686C70-9EE4-4D47-B9B2-B8FDAE5A721E}.Release|Any CPU.ActiveCfg = Release|Any CPU
		{42686C70-9EE4-4D47-B9B2-B8FDAE5A721E}.Release|Any CPU.Build.0 = Release|Any CPU
		{9021030F-1A37-4473-85CD-DEC2629FA39D}.Debug|Any CPU.ActiveCfg = Debug|Any CPU
		{9021030F-1A37-4473-85CD-DEC2629FA39D}.Debug|Any CPU.Build.0 = Debug|Any CPU
		{9021030F-1A37-4473-85CD-DEC2629FA39D}.Release|Any CPU.ActiveCfg = Release|Any CPU
		{9021030F-1A37-4473-85CD-DEC2629FA39D}.Release|Any CPU.Build.0 = Release|Any CPU
		{2AB6C2A9-C2F9-4DB5-89E0-388489207E7E}.Debug|Any CPU.ActiveCfg = Debug|Any CPU
		{2AB6C2A9-C2F9-4DB5-89E0-388489207E7E}.Debug|Any CPU.Build.0 = Debug|Any CPU
		{2AB6C2A9-C2F9-4DB5-89E0-388489207E7E}.Release|Any CPU.ActiveCfg = Release|Any CPU
		{2AB6C2A9-C2F9-4DB5-89E0-388489207E7E}.Release|Any CPU.Build.0 = Release|Any CPU
		{C608AEED-E0B0-40C6-B471-CDE5BC0956A7}.Debug|Any CPU.ActiveCfg = Debug|Any CPU
		{C608AEED-E0B0-40C6-B471-CDE5BC0956A7}.Debug|Any CPU.Build.0 = Debug|Any CPU
		{C608AEED-E0B0-40C6-B471-CDE5BC0956A7}.Release|Any CPU.ActiveCfg = Release|Any CPU
		{C608AEED-E0B0-40C6-B471-CDE5BC0956A7}.Release|Any CPU.Build.0 = Release|Any CPU
		{3483C7FE-0661-4268-9035-10FF7E36CD64}.Debug|Any CPU.ActiveCfg = Debug|Any CPU
		{3483C7FE-0661-4268-9035-10FF7E36CD64}.Debug|Any CPU.Build.0 = Debug|Any CPU
		{3483C7FE-0661-4268-9035-10FF7E36CD64}.Release|Any CPU.ActiveCfg = Release|Any CPU
		{3483C7FE-0661-4268-9035-10FF7E36CD64}.Release|Any CPU.Build.0 = Release|Any CPU
		{538F714A-4CA7-4255-A3C2-9BE6C66CB85C}.Debug|Any CPU.ActiveCfg = Debug|Any CPU
		{538F714A-4CA7-4255-A3C2-9BE6C66CB85C}.Debug|Any CPU.Build.0 = Debug|Any CPU
		{538F714A-4CA7-4255-A3C2-9BE6C66CB85C}.Release|Any CPU.ActiveCfg = Release|Any CPU
		{538F714A-4CA7-4255-A3C2-9BE6C66CB85C}.Release|Any CPU.Build.0 = Release|Any CPU
		{39296FCC-AB34-404A-9BB3-E676C126CD71}.Debug|Any CPU.ActiveCfg = Debug|Any CPU
		{39296FCC-AB34-404A-9BB3-E676C126CD71}.Debug|Any CPU.Build.0 = Debug|Any CPU
		{39296FCC-AB34-404A-9BB3-E676C126CD71}.Release|Any CPU.ActiveCfg = Release|Any CPU
		{39296FCC-AB34-404A-9BB3-E676C126CD71}.Release|Any CPU.Build.0 = Release|Any CPU
		{E542977A-42E7-4241-AA39-34A68FCF22E8}.Debug|Any CPU.ActiveCfg = Debug|Any CPU
		{E542977A-42E7-4241-AA39-34A68FCF22E8}.Debug|Any CPU.Build.0 = Debug|Any CPU
		{E542977A-42E7-4241-AA39-34A68FCF22E8}.Release|Any CPU.ActiveCfg = Release|Any CPU
		{E542977A-42E7-4241-AA39-34A68FCF22E8}.Release|Any CPU.Build.0 = Release|Any CPU
		{C2EBBE18-AF5F-44F2-A8DC-EAEED6C448A6}.Debug|Any CPU.ActiveCfg = Debug|Any CPU
		{C2EBBE18-AF5F-44F2-A8DC-EAEED6C448A6}.Debug|Any CPU.Build.0 = Debug|Any CPU
		{C2EBBE18-AF5F-44F2-A8DC-EAEED6C448A6}.Release|Any CPU.ActiveCfg = Release|Any CPU
		{C2EBBE18-AF5F-44F2-A8DC-EAEED6C448A6}.Release|Any CPU.Build.0 = Release|Any CPU
		{921BA239-3E2C-4A89-B3D3-E92CACC5FF63}.Debug|Any CPU.ActiveCfg = Debug|Any CPU
		{921BA239-3E2C-4A89-B3D3-E92CACC5FF63}.Debug|Any CPU.Build.0 = Debug|Any CPU
		{921BA239-3E2C-4A89-B3D3-E92CACC5FF63}.Release|Any CPU.ActiveCfg = Release|Any CPU
		{921BA239-3E2C-4A89-B3D3-E92CACC5FF63}.Release|Any CPU.Build.0 = Release|Any CPU
		{833DCA90-E461-4EB2-8A53-F48714626E7C}.Debug|Any CPU.ActiveCfg = Debug|Any CPU
		{833DCA90-E461-4EB2-8A53-F48714626E7C}.Debug|Any CPU.Build.0 = Debug|Any CPU
		{833DCA90-E461-4EB2-8A53-F48714626E7C}.Release|Any CPU.ActiveCfg = Release|Any CPU
		{833DCA90-E461-4EB2-8A53-F48714626E7C}.Release|Any CPU.Build.0 = Release|Any CPU
		{A4EC3E4B-3364-49DB-903F-F7005CD2C7BF}.Debug|Any CPU.ActiveCfg = Debug|Any CPU
		{A4EC3E4B-3364-49DB-903F-F7005CD2C7BF}.Debug|Any CPU.Build.0 = Debug|Any CPU
		{A4EC3E4B-3364-49DB-903F-F7005CD2C7BF}.Release|Any CPU.ActiveCfg = Release|Any CPU
		{A4EC3E4B-3364-49DB-903F-F7005CD2C7BF}.Release|Any CPU.Build.0 = Release|Any CPU
		{F1A2BB41-496B-4EC1-BCCA-B28C06EF3B89}.Debug|Any CPU.ActiveCfg = Debug|Any CPU
		{F1A2BB41-496B-4EC1-BCCA-B28C06EF3B89}.Debug|Any CPU.Build.0 = Debug|Any CPU
		{F1A2BB41-496B-4EC1-BCCA-B28C06EF3B89}.Release|Any CPU.ActiveCfg = Release|Any CPU
		{F1A2BB41-496B-4EC1-BCCA-B28C06EF3B89}.Release|Any CPU.Build.0 = Release|Any CPU
	EndGlobalSection
	GlobalSection(SolutionProperties) = preSolution
		HideSolutionNode = FALSE
	EndGlobalSection
	GlobalSection(NestedProjects) = preSolution
		{59502D6B-A5B3-47BB-8D7F-D526F370F2F9} = {608FC40F-1C46-4FE7-8189-9340B485908D}
		{89D67B52-E013-48B8-9590-06A4B7D2C3D8} = {608FC40F-1C46-4FE7-8189-9340B485908D}
		{66281FD1-1316-4A69-A864-C93297F6E87D} = {608FC40F-1C46-4FE7-8189-9340B485908D}
		{42686C70-9EE4-4D47-B9B2-B8FDAE5A721E} = {745A479D-50F8-4760-A991-F7A7F43C307C}
		{9021030F-1A37-4473-85CD-DEC2629FA39D} = {745A479D-50F8-4760-A991-F7A7F43C307C}
		{C608AEED-E0B0-40C6-B471-CDE5BC0956A7} = {1B5E59A6-B3C7-4D56-B760-7D43FD90F39C}
		{3483C7FE-0661-4268-9035-10FF7E36CD64} = {1B5E59A6-B3C7-4D56-B760-7D43FD90F39C}
		{538F714A-4CA7-4255-A3C2-9BE6C66CB85C} = {1B5E59A6-B3C7-4D56-B760-7D43FD90F39C}
		{BF4B6A2E-611B-4BE2-9CF7-1527863B52D9} = {745A479D-50F8-4760-A991-F7A7F43C307C}
		{39296FCC-AB34-404A-9BB3-E676C126CD71} = {BF4B6A2E-611B-4BE2-9CF7-1527863B52D9}
		{C2EBBE18-AF5F-44F2-A8DC-EAEED6C448A6} = {156FD781-7026-4063-A210-F82939BDA017}
		{921BA239-3E2C-4A89-B3D3-E92CACC5FF63} = {4E4B33E3-4E5C-4AAE-898E-74E58C782EE5}
		{833DCA90-E461-4EB2-8A53-F48714626E7C} = {4E4B33E3-4E5C-4AAE-898E-74E58C782EE5}
		{A4EC3E4B-3364-49DB-903F-F7005CD2C7BF} = {4E4B33E3-4E5C-4AAE-898E-74E58C782EE5}
		{F1A2BB41-496B-4EC1-BCCA-B28C06EF3B89} = {4E4B33E3-4E5C-4AAE-898E-74E58C782EE5}
	EndGlobalSection
EndGlobal
